
Microsoft Visual Studio Solution File, Format Version 12.00
# Visual Studio 14
VisualStudioVersion = 14.0.25420.1
MinimumVisualStudioVersion = 10.0.40219.1
Project("{8BB2217D-0F2D-49D1-97BC-3654ED321F3B}") = "UI", "UI\UI.xproj", "{EDAC89E7-DCFE-4E66-9910-11850F2FE41D}"
EndProject
Project("{2150E333-8FDC-42A3-9474-1A3956D46DE8}") = "Solution Items", "Solution Items", "{55428260-9315-4995-BE8D-DCD0CB611311}"
	ProjectSection(SolutionItems) = preProject
		.gitlab-ci.yml = .gitlab-ci.yml
		README.md = README.md
	EndProjectSection
EndProject
Global
	GlobalSection(SolutionConfigurationPlatforms) = preSolution
		Debug|Any CPU = Debug|Any CPU
		Release|Any CPU = Release|Any CPU
	EndGlobalSection
	GlobalSection(ProjectConfigurationPlatforms) = postSolution
		{EDAC89E7-DCFE-4E66-9910-11850F2FE41D}.Debug|Any CPU.ActiveCfg = Debug|Any CPU
		{EDAC89E7-DCFE-4E66-9910-11850F2FE41D}.Debug|Any CPU.Build.0 = Debug|Any CPU
		{EDAC89E7-DCFE-4E66-9910-11850F2FE41D}.Release|Any CPU.ActiveCfg = Release|Any CPU
		{EDAC89E7-DCFE-4E66-9910-11850F2FE41D}.Release|Any CPU.Build.0 = Release|Any CPU
	EndGlobalSection
	GlobalSection(SolutionProperties) = preSolution
		HideSolutionNode = FALSE
	EndGlobalSection
EndGlobal
